// !$*UTF8*$!
{
	archiveVersion = 1;
	classes = {
	};
	objectVersion = 46;
	objects = {

/* Begin PBXBuildFile section */
		B041C2E111DA33D34C776D85 /* Pods.framework in Frameworks */ = {isa = PBXBuildFile; fileRef = 1DD40EEAAFE155C274C1227F /* Pods.framework */; };
		BA07FF331C62CCC900D642F9 /* AppDelegate.swift in Sources */ = {isa = PBXBuildFile; fileRef = BA07FF321C62CCC900D642F9 /* AppDelegate.swift */; };
		BA07FF381C62CCC900D642F9 /* Main.storyboard in Resources */ = {isa = PBXBuildFile; fileRef = BA07FF361C62CCC900D642F9 /* Main.storyboard */; };
		BA07FF3A1C62CCC900D642F9 /* Assets.xcassets in Resources */ = {isa = PBXBuildFile; fileRef = BA07FF391C62CCC900D642F9 /* Assets.xcassets */; };
		BA07FF3D1C62CCC900D642F9 /* LaunchScreen.storyboard in Resources */ = {isa = PBXBuildFile; fileRef = BA07FF3B1C62CCC900D642F9 /* LaunchScreen.storyboard */; };
		BA3421081C65512B00396562 /* CityWeatherDelegate.swift in Sources */ = {isa = PBXBuildFile; fileRef = BA3421071C65512B00396562 /* CityWeatherDelegate.swift */; };
		BA34210A1C6551A600396562 /* CityWeatherViewController.swift in Sources */ = {isa = PBXBuildFile; fileRef = BA3421091C6551A600396562 /* CityWeatherViewController.swift */; };
		BA34210C1C661A0A00396562 /* CityWeather.swift in Sources */ = {isa = PBXBuildFile; fileRef = BA34210B1C661A0A00396562 /* CityWeather.swift */; };
		BA4C7A931C62CDF700D44FD8 /* City.swift in Sources */ = {isa = PBXBuildFile; fileRef = BA4C7A921C62CDF700D44FD8 /* City.swift */; };
		BA4C7A951C62CE2A00D44FD8 /* APIController.swift in Sources */ = {isa = PBXBuildFile; fileRef = BA4C7A941C62CE2A00D44FD8 /* APIController.swift */; };
		BA4C7A971C62CE3F00D44FD8 /* SearchCityDelegate.swift in Sources */ = {isa = PBXBuildFile; fileRef = BA4C7A961C62CE3F00D44FD8 /* SearchCityDelegate.swift */; };
		BA4C7A991C62D2BB00D44FD8 /* ListOfCitiesTableViewController.swift in Sources */ = {isa = PBXBuildFile; fileRef = BA4C7A981C62D2BB00D44FD8 /* ListOfCitiesTableViewController.swift */; };
		BA6AA23A1C66227800641067 /* WeatherForDate.swift in Sources */ = {isa = PBXBuildFile; fileRef = BA6AA2391C66227800641067 /* WeatherForDate.swift */; };
		BAF1CFF31C68C2340010B92D /* WeatherForDateTableViewCell.swift in Sources */ = {isa = PBXBuildFile; fileRef = BAF1CFF21C68C2340010B92D /* WeatherForDateTableViewCell.swift */; };
/* End PBXBuildFile section */

/* Begin PBXFileReference section */
		1DD40EEAAFE155C274C1227F /* Pods.framework */ = {isa = PBXFileReference; explicitFileType = wrapper.framework; includeInIndex = 0; path = Pods.framework; sourceTree = BUILT_PRODUCTS_DIR; };
		AD3A51C3F379B227A53830EF /* Pods.release.xcconfig */ = {isa = PBXFileReference; includeInIndex = 1; lastKnownFileType = text.xcconfig; name = Pods.release.xcconfig; path = "Pods/Target Support Files/Pods/Pods.release.xcconfig"; sourceTree = "<group>"; };
		BA07FF2F1C62CCC900D642F9 /* PrevisaoDoTempo.app */ = {isa = PBXFileReference; explicitFileType = wrapper.application; includeInIndex = 0; path = PrevisaoDoTempo.app; sourceTree = BUILT_PRODUCTS_DIR; };
		BA07FF321C62CCC900D642F9 /* AppDelegate.swift */ = {isa = PBXFileReference; lastKnownFileType = sourcecode.swift; path = AppDelegate.swift; sourceTree = "<group>"; };
		BA07FF371C62CCC900D642F9 /* Base */ = {isa = PBXFileReference; lastKnownFileType = file.storyboard; name = Base; path = Base.lproj/Main.storyboard; sourceTree = "<group>"; };
		BA07FF391C62CCC900D642F9 /* Assets.xcassets */ = {isa = PBXFileReference; lastKnownFileType = folder.assetcatalog; path = Assets.xcassets; sourceTree = "<group>"; };
		BA07FF3C1C62CCC900D642F9 /* Base */ = {isa = PBXFileReference; lastKnownFileType = file.storyboard; name = Base; path = Base.lproj/LaunchScreen.storyboard; sourceTree = "<group>"; };
		BA07FF3E1C62CCC900D642F9 /* Info.plist */ = {isa = PBXFileReference; lastKnownFileType = text.plist.xml; path = Info.plist; sourceTree = "<group>"; };
		BA3421071C65512B00396562 /* CityWeatherDelegate.swift */ = {isa = PBXFileReference; fileEncoding = 4; lastKnownFileType = sourcecode.swift; path = CityWeatherDelegate.swift; sourceTree = "<group>"; };
		BA3421091C6551A600396562 /* CityWeatherViewController.swift */ = {isa = PBXFileReference; fileEncoding = 4; lastKnownFileType = sourcecode.swift; path = CityWeatherViewController.swift; sourceTree = "<group>"; };
		BA34210B1C661A0A00396562 /* CityWeather.swift */ = {isa = PBXFileReference; fileEncoding = 4; lastKnownFileType = sourcecode.swift; path = CityWeather.swift; sourceTree = "<group>"; };
		BA4C7A921C62CDF700D44FD8 /* City.swift */ = {isa = PBXFileReference; fileEncoding = 4; lastKnownFileType = sourcecode.swift; path = City.swift; sourceTree = "<group>"; };
		BA4C7A941C62CE2A00D44FD8 /* APIController.swift */ = {isa = PBXFileReference; fileEncoding = 4; lastKnownFileType = sourcecode.swift; path = APIController.swift; sourceTree = "<group>"; };
		BA4C7A961C62CE3F00D44FD8 /* SearchCityDelegate.swift */ = {isa = PBXFileReference; fileEncoding = 4; lastKnownFileType = sourcecode.swift; path = SearchCityDelegate.swift; sourceTree = "<group>"; };
		BA4C7A981C62D2BB00D44FD8 /* ListOfCitiesTableViewController.swift */ = {isa = PBXFileReference; fileEncoding = 4; lastKnownFileType = sourcecode.swift; path = ListOfCitiesTableViewController.swift; sourceTree = "<group>"; };
		BA6AA2391C66227800641067 /* WeatherForDate.swift */ = {isa = PBXFileReference; fileEncoding = 4; lastKnownFileType = sourcecode.swift; path = WeatherForDate.swift; sourceTree = "<group>"; };
		BAF1CFF21C68C2340010B92D /* WeatherForDateTableViewCell.swift */ = {isa = PBXFileReference; fileEncoding = 4; lastKnownFileType = sourcecode.swift; path = WeatherForDateTableViewCell.swift; sourceTree = "<group>"; };
		E2398AF999B8F0EA53EE0B0D /* Pods.debug.xcconfig */ = {isa = PBXFileReference; includeInIndex = 1; lastKnownFileType = text.xcconfig; name = Pods.debug.xcconfig; path = "Pods/Target Support Files/Pods/Pods.debug.xcconfig"; sourceTree = "<group>"; };
/* End PBXFileReference section */

/* Begin PBXFrameworksBuildPhase section */
		BA07FF2C1C62CCC900D642F9 /* Frameworks */ = {
			isa = PBXFrameworksBuildPhase;
			buildActionMask = 2147483647;
			files = (
				B041C2E111DA33D34C776D85 /* Pods.framework in Frameworks */,
			);
			runOnlyForDeploymentPostprocessing = 0;
		};
/* End PBXFrameworksBuildPhase section */

/* Begin PBXGroup section */
		20A47760B5DCF68CE0C37A84 /* Pods */ = {
			isa = PBXGroup;
			children = (
				E2398AF999B8F0EA53EE0B0D /* Pods.debug.xcconfig */,
				AD3A51C3F379B227A53830EF /* Pods.release.xcconfig */,
			);
			name = Pods;
			sourceTree = "<group>";
		};
		7125902AF6584B37E8439E97 /* Frameworks */ = {
			isa = PBXGroup;
			children = (
				1DD40EEAAFE155C274C1227F /* Pods.framework */,
			);
			name = Frameworks;
			sourceTree = "<group>";
		};
		BA07FF261C62CCC900D642F9 = {
			isa = PBXGroup;
			children = (
				BA07FF311C62CCC900D642F9 /* PrevisaoDoTempo */,
				BA07FF301C62CCC900D642F9 /* Products */,
				20A47760B5DCF68CE0C37A84 /* Pods */,
				7125902AF6584B37E8439E97 /* Frameworks */,
			);
			sourceTree = "<group>";
		};
		BA07FF301C62CCC900D642F9 /* Products */ = {
			isa = PBXGroup;
			children = (
				BA07FF2F1C62CCC900D642F9 /* PrevisaoDoTempo.app */,
			);
			name = Products;
			sourceTree = "<group>";
		};
		BA07FF311C62CCC900D642F9 /* PrevisaoDoTempo */ = {
			isa = PBXGroup;
			children = (
				BA4C7A901C62CDDB00D44FD8 /* API */,
				BA4C7A981C62D2BB00D44FD8 /* ListOfCitiesTableViewController.swift */,
				BA3421091C6551A600396562 /* CityWeatherViewController.swift */,
				BAF1CFF21C68C2340010B92D /* WeatherForDateTableViewCell.swift */,
				BA07FF361C62CCC900D642F9 /* Main.storyboard */,
				BA4C7A9A1C62D41C00D44FD8 /* Support Files */,
			);
			path = PrevisaoDoTempo;
			sourceTree = "<group>";
		};
		BA34210D1C66212800396562 /* Model */ = {
			isa = PBXGroup;
			children = (
				BA4C7A921C62CDF700D44FD8 /* City.swift */,
				BA34210B1C661A0A00396562 /* CityWeather.swift */,
				BA6AA2391C66227800641067 /* WeatherForDate.swift */,
			);
			name = Model;
			sourceTree = "<group>";
		};
		BA4C7A901C62CDDB00D44FD8 /* API */ = {
			isa = PBXGroup;
			children = (
				BA34210D1C66212800396562 /* Model */,
				BA4C7A941C62CE2A00D44FD8 /* APIController.swift */,
				BA4C7A961C62CE3F00D44FD8 /* SearchCityDelegate.swift */,
				BA3421071C65512B00396562 /* CityWeatherDelegate.swift */,
			);
			name = API;
			sourceTree = "<group>";
		};
		BA4C7A9A1C62D41C00D44FD8 /* Support Files */ = {
			isa = PBXGroup;
			children = (
				BA07FF321C62CCC900D642F9 /* AppDelegate.swift */,
				BA07FF391C62CCC900D642F9 /* Assets.xcassets */,
				BA07FF3B1C62CCC900D642F9 /* LaunchScreen.storyboard */,
				BA07FF3E1C62CCC900D642F9 /* Info.plist */,
			);
			name = "Support Files";
			sourceTree = "<group>";
		};
/* End PBXGroup section */

/* Begin PBXNativeTarget section */
		BA07FF2E1C62CCC900D642F9 /* PrevisaoDoTempo */ = {
			isa = PBXNativeTarget;
			buildConfigurationList = BA07FF411C62CCC900D642F9 /* Build configuration list for PBXNativeTarget "PrevisaoDoTempo" */;
			buildPhases = (
				BABF6ADDC5730FB3055ACD7F /* Check Pods Manifest.lock */,
				BA07FF2B1C62CCC900D642F9 /* Sources */,
				BA07FF2C1C62CCC900D642F9 /* Frameworks */,
				BA07FF2D1C62CCC900D642F9 /* Resources */,
				72A57EE8FE695C3DB594E95C /* Embed Pods Frameworks */,
				8B8E394AD6AA8E1891A9E3A1 /* Copy Pods Resources */,
			);
			buildRules = (
			);
			dependencies = (
			);
			name = PrevisaoDoTempo;
			productName = PrevisaoDoTempo;
			productReference = BA07FF2F1C62CCC900D642F9 /* PrevisaoDoTempo.app */;
			productType = "com.apple.product-type.application";
		};
/* End PBXNativeTarget section */

/* Begin PBXProject section */
		BA07FF271C62CCC900D642F9 /* Project object */ = {
			isa = PBXProject;
			attributes = {
				LastSwiftUpdateCheck = 0720;
				LastUpgradeCheck = 0720;
				ORGANIZATIONNAME = "Ricardo Gehrke Filho";
				TargetAttributes = {
					BA07FF2E1C62CCC900D642F9 = {
						CreatedOnToolsVersion = 7.2;
					};
				};
			};
			buildConfigurationList = BA07FF2A1C62CCC900D642F9 /* Build configuration list for PBXProject "PrevisaoDoTempo" */;
			compatibilityVersion = "Xcode 3.2";
			developmentRegion = English;
			hasScannedForEncodings = 0;
			knownRegions = (
				en,
				Base,
			);
			mainGroup = BA07FF261C62CCC900D642F9;
			productRefGroup = BA07FF301C62CCC900D642F9 /* Products */;
			projectDirPath = "";
			projectRoot = "";
			targets = (
				BA07FF2E1C62CCC900D642F9 /* PrevisaoDoTempo */,
			);
		};
/* End PBXProject section */

/* Begin PBXResourcesBuildPhase section */
		BA07FF2D1C62CCC900D642F9 /* Resources */ = {
			isa = PBXResourcesBuildPhase;
			buildActionMask = 2147483647;
			files = (
				BA07FF3D1C62CCC900D642F9 /* LaunchScreen.storyboard in Resources */,
				BA07FF3A1C62CCC900D642F9 /* Assets.xcassets in Resources */,
				BA07FF381C62CCC900D642F9 /* Main.storyboard in Resources */,
			);
			runOnlyForDeploymentPostprocessing = 0;
		};
/* End PBXResourcesBuildPhase section */

/* Begin PBXShellScriptBuildPhase section */
		72A57EE8FE695C3DB594E95C /* Embed Pods Frameworks */ = {
			isa = PBXShellScriptBuildPhase;
			buildActionMask = 2147483647;
			files = (
			);
			inputPaths = (
			);
			name = "Embed Pods Frameworks";
			outputPaths = (
			);
			runOnlyForDeploymentPostprocessing = 0;
			shellPath = /bin/sh;
			shellScript = "\"${SRCROOT}/Pods/Target Support Files/Pods/Pods-frameworks.sh\"\n";
			showEnvVarsInLog = 0;
		};
		8B8E394AD6AA8E1891A9E3A1 /* Copy Pods Resources */ = {
			isa = PBXShellScriptBuildPhase;
			buildActionMask = 2147483647;
			files = (
			);
			inputPaths = (
			);
			name = "Copy Pods Resources";
			outputPaths = (
			);
			runOnlyForDeploymentPostprocessing = 0;
			shellPath = /bin/sh;
			shellScript = "\"${SRCROOT}/Pods/Target Support Files/Pods/Pods-resources.sh\"\n";
			showEnvVarsInLog = 0;
		};
		BABF6ADDC5730FB3055ACD7F /* Check Pods Manifest.lock */ = {
			isa = PBXShellScriptBuildPhase;
			buildActionMask = 2147483647;
			files = (
			);
			inputPaths = (
			);
			name = "Check Pods Manifest.lock";
			outputPaths = (
			);
			runOnlyForDeploymentPostprocessing = 0;
			shellPath = /bin/sh;
			shellScript = "diff \"${PODS_ROOT}/../Podfile.lock\" \"${PODS_ROOT}/Manifest.lock\" > /dev/null\nif [[ $? != 0 ]] ; then\n    cat << EOM\nerror: The sandbox is not in sync with the Podfile.lock. Run 'pod install' or update your CocoaPods installation.\nEOM\n    exit 1\nfi\n";
			showEnvVarsInLog = 0;
		};
/* End PBXShellScriptBuildPhase section */

/* Begin PBXSourcesBuildPhase section */
		BA07FF2B1C62CCC900D642F9 /* Sources */ = {
			isa = PBXSourcesBuildPhase;
			buildActionMask = 2147483647;
			files = (
				BA6AA23A1C66227800641067 /* WeatherForDate.swift in Sources */,
				BA34210C1C661A0A00396562 /* CityWeather.swift in Sources */,
				BA4C7A951C62CE2A00D44FD8 /* APIController.swift in Sources */,
				BA07FF331C62CCC900D642F9 /* AppDelegate.swift in Sources */,
				BA4C7A931C62CDF700D44FD8 /* City.swift in Sources */,
				BA3421081C65512B00396562 /* CityWeatherDelegate.swift in Sources */,
				BA34210A1C6551A600396562 /* CityWeatherViewController.swift in Sources */,
				BA4C7A991C62D2BB00D44FD8 /* ListOfCitiesTableViewController.swift in Sources */,
				BAF1CFF31C68C2340010B92D /* WeatherForDateTableViewCell.swift in Sources */,
				BA4C7A971C62CE3F00D44FD8 /* SearchCityDelegate.swift in Sources */,
			);
			runOnlyForDeploymentPostprocessing = 0;
		};
/* End PBXSourcesBuildPhase section */

/* Begin PBXVariantGroup section */
		BA07FF361C62CCC900D642F9 /* Main.storyboard */ = {
			isa = PBXVariantGroup;
			children = (
				BA07FF371C62CCC900D642F9 /* Base */,
			);
			name = Main.storyboard;
			sourceTree = "<group>";
		};
		BA07FF3B1C62CCC900D642F9 /* LaunchScreen.storyboard */ = {
			isa = PBXVariantGroup;
			children = (
				BA07FF3C1C62CCC900D642F9 /* Base */,
			);
			name = LaunchScreen.storyboard;
			sourceTree = "<group>";
		};
/* End PBXVariantGroup section */

/* Begin XCBuildConfiguration section */
		BA07FF3F1C62CCC900D642F9 /* Debug */ = {
			isa = XCBuildConfiguration;
			buildSettings = {
				ALWAYS_SEARCH_USER_PATHS = NO;
				CLANG_CXX_LANGUAGE_STANDARD = "gnu++0x";
				CLANG_CXX_LIBRARY = "libc++";
				CLANG_ENABLE_MODULES = YES;
				CLANG_ENABLE_OBJC_ARC = YES;
				CLANG_WARN_BOOL_CONVERSION = YES;
				CLANG_WARN_CONSTANT_CONVERSION = YES;
				CLANG_WARN_DIRECT_OBJC_ISA_USAGE = YES_ERROR;
				CLANG_WARN_EMPTY_BODY = YES;
				CLANG_WARN_ENUM_CONVERSION = YES;
				CLANG_WARN_INT_CONVERSION = YES;
				CLANG_WARN_OBJC_ROOT_CLASS = YES_ERROR;
				CLANG_WARN_UNREACHABLE_CODE = YES;
				CLANG_WARN__DUPLICATE_METHOD_MATCH = YES;
				"CODE_SIGN_IDENTITY[sdk=iphoneos*]" = "iPhone Developer";
				COPY_PHASE_STRIP = NO;
				DEBUG_INFORMATION_FORMAT = dwarf;
				ENABLE_STRICT_OBJC_MSGSEND = YES;
				ENABLE_TESTABILITY = YES;
				GCC_C_LANGUAGE_STANDARD = gnu99;
				GCC_DYNAMIC_NO_PIC = NO;
				GCC_NO_COMMON_BLOCKS = YES;
				GCC_OPTIMIZATION_LEVEL = 0;
				GCC_PREPROCESSOR_DEFINITIONS = (
					"DEBUG=1",
					"$(inherited)",
				);
				GCC_WARN_64_TO_32_BIT_CONVERSION = YES;
				GCC_WARN_ABOUT_RETURN_TYPE = YES_ERROR;
				GCC_WARN_UNDECLARED_SELECTOR = YES;
				GCC_WARN_UNINITIALIZED_AUTOS = YES_AGGRESSIVE;
				GCC_WARN_UNUSED_FUNCTION = YES;
				GCC_WARN_UNUSED_VARIABLE = YES;
				IPHONEOS_DEPLOYMENT_TARGET = 9.2;
				MTL_ENABLE_DEBUG_INFO = YES;
				ONLY_ACTIVE_ARCH = YES;
				SDKROOT = iphoneos;
				SWIFT_OPTIMIZATION_LEVEL = "-Onone";
				TARGETED_DEVICE_FAMILY = "1,2";
			};
			name = Debug;
		};
		BA07FF401C62CCC900D642F9 /* Release */ = {
			isa = XCBuildConfiguration;
			buildSettings = {
				ALWAYS_SEARCH_USER_PATHS = NO;
				CLANG_CXX_LANGUAGE_STANDARD = "gnu++0x";
				CLANG_CXX_LIBRARY = "libc++";
				CLANG_ENABLE_MODULES = YES;
				CLANG_ENABLE_OBJC_ARC = YES;
				CLANG_WARN_BOOL_CONVERSION = YES;
				CLANG_WARN_CONSTANT_CONVERSION = YES;
				CLANG_WARN_DIRECT_OBJC_ISA_USAGE = YES_ERROR;
				CLANG_WARN_EMPTY_BODY = YES;
				CLANG_WARN_ENUM_CONVERSION = YES;
				CLANG_WARN_INT_CONVERSION = YES;
				CLANG_WARN_OBJC_ROOT_CLASS = YES_ERROR;
				CLANG_WARN_UNREACHABLE_CODE = YES;
				CLANG_WARN__DUPLICATE_METHOD_MATCH = YES;
				"CODE_SIGN_IDENTITY[sdk=iphoneos*]" = "iPhone Developer";
				COPY_PHASE_STRIP = NO;
				DEBUG_INFORMATION_FORMAT = "dwarf-with-dsym";
				ENABLE_NS_ASSERTIONS = NO;
				ENABLE_STRICT_OBJC_MSGSEND = YES;
				GCC_C_LANGUAGE_STANDARD = gnu99;
				GCC_NO_COMMON_BLOCKS = YES;
				GCC_WARN_64_TO_32_BIT_CONVERSION = YES;
				GCC_WARN_ABOUT_RETURN_TYPE = YES_ERROR;
				GCC_WARN_UNDECLARED_SELECTOR = YES;
				GCC_WARN_UNINITIALIZED_AUTOS = YES_AGGRESSIVE;
				GCC_WARN_UNUSED_FUNCTION = YES;
				GCC_WARN_UNUSED_VARIABLE = YES;
				IPHONEOS_DEPLOYMENT_TARGET = 9.2;
				MTL_ENABLE_DEBUG_INFO = NO;
				SDKROOT = iphoneos;
				TARGETED_DEVICE_FAMILY = "1,2";
				VALIDATE_PRODUCT = YES;
			};
			name = Release;
		};
		BA07FF421C62CCC900D642F9 /* Debug */ = {
			isa = XCBuildConfiguration;
			baseConfigurationReference = E2398AF999B8F0EA53EE0B0D /* Pods.debug.xcconfig */;
			buildSettings = {
				ASSETCATALOG_COMPILER_APPICON_NAME = AppIcon;
				INFOPLIST_FILE = PrevisaoDoTempo/Info.plist;
				IPHONEOS_DEPLOYMENT_TARGET = 8.1;
				LD_RUNPATH_SEARCH_PATHS = "$(inherited) @executable_path/Frameworks";
				PRODUCT_BUNDLE_IDENTIFIER = com.ricardo0100.PrevisaoDoTempo;
				PRODUCT_NAME = "$(TARGET_NAME)";
			};
			name = Debug;
		};
		BA07FF431C62CCC900D642F9 /* Release */ = {
			isa = XCBuildConfiguration;
			baseConfigurationReference = AD3A51C3F379B227A53830EF /* Pods.release.xcconfig */;
			buildSettings = {
				ASSETCATALOG_COMPILER_APPICON_NAME = AppIcon;
				INFOPLIST_FILE = PrevisaoDoTempo/Info.plist;
				IPHONEOS_DEPLOYMENT_TARGET = 8.1;
				LD_RUNPATH_SEARCH_PATHS = "$(inherited) @executable_path/Frameworks";
				PRODUCT_BUNDLE_IDENTIFIER = com.ricardo0100.PrevisaoDoTempo;
				PRODUCT_NAME = "$(TARGET_NAME)";
			};
			name = Release;
		};
/* End XCBuildConfiguration section */

/* Begin XCConfigurationList section */
		BA07FF2A1C62CCC900D642F9 /* Build configuration list for PBXProject "PrevisaoDoTempo" */ = {
			isa = XCConfigurationList;
			buildConfigurations = (
				BA07FF3F1C62CCC900D642F9 /* Debug */,
				BA07FF401C62CCC900D642F9 /* Release */,
			);
			defaultConfigurationIsVisible = 0;
			defaultConfigurationName = Release;
		};
		BA07FF411C62CCC900D642F9 /* Build configuration list for PBXNativeTarget "PrevisaoDoTempo" */ = {
			isa = XCConfigurationList;
			buildConfigurations = (
				BA07FF421C62CCC900D642F9 /* Debug */,
				BA07FF431C62CCC900D642F9 /* Release */,
			);
			defaultConfigurationIsVisible = 0;
			defaultConfigurationName = Release;
		};
/* End XCConfigurationList section */
	};
	rootObject = BA07FF271C62CCC900D642F9 /* Project object */;
}
